PODS:
  - AFNetworking (4.0.1):
    - AFNetworking/NSURLSession (= 4.0.1)
    - AFNetworking/Reachability (= 4.0.1)
    - AFNetworking/Security (= 4.0.1)
    - AFNetworking/Serialization (= 4.0.1)
    - AFNetworking/UIKit (= 4.0.1)
  - AFNetworking/NSURLSession (4.0.1):
    - AFNetworking/Reachability
    - AFNetworking/Security
    - AFNetworking/Serialization
  - AFNetworking/Reachability (4.0.1)
  - AFNetworking/Security (4.0.1)
  - AFNetworking/Serialization (4.0.1)
  - AFNetworking/UIKit (4.0.1):
    - AFNetworking/NSURLSession
  - MKBaseMQTTModule (0.0.3):
    - MKBaseMQTTModule/MQTT (= 0.0.3)
    - MKBaseMQTTModule/NetworkManager (= 0.0.3)
  - MKBaseMQTTModule/MQTT (0.0.3):
    - MQTTClient
  - MKBaseMQTTModule/NetworkManager (0.0.3):
    - AFNetworking
  - MQTTClient (0.15.3):
    - MQTTClient/Core (= 0.15.3)
  - MQTTClient/Core (0.15.3):
    - MQTTClient/Manager
    - MQTTClient/Min
  - MQTTClient/Manager (0.15.3):
    - MQTTClient/Min
  - MQTTClient/Min (0.15.3)

DEPENDENCIES:
  - MKBaseMQTTModule (from `../`)

SPEC REPOS:
  https://github.com/CocoaPods/Specs.git:
    - AFNetworking
    - MQTTClient

EXTERNAL SOURCES:
  MKBaseMQTTModule:
    :path: "../"

SPEC CHECKSUMS:
  AFNetworking: 7864c38297c79aaca1500c33288e429c3451fdce
  MKBaseMQTTModule: b3a5c4776b60d5c395da4fd7019fc1cf64ec48a6
  MQTTClient: 0dfa04e789479c2e461786464969895c1fcb0875

PODFILE CHECKSUM: d12dda0126ef0e5d666533b35df1d2aab9f40ddc

COCOAPODS: 1.10.0.rc.1
