PODS:
  - AFNetworking (4.0.1):
    - AFNetworking/NSURLSession (= 4.0.1)
    - AFNetworking/Reachability (= 4.0.1)
    - AFNetworking/Security (= 4.0.1)
    - AFNetworking/Serialization (= 4.0.1)
    - AFNetworking/UIKit (= 4.0.1)
  - AFNetworking/NSURLSession (4.0.1):
    - AFNetworking/Reachability
    - AFNetworking/Security
    - AFNetworking/Serialization
  - AFNetworking/Reachability (4.0.1)
  - AFNetworking/Security (4.0.1)
  - AFNetworking/Serialization (4.0.1)
  - AFNetworking/UIKit (4.0.1):
    - AFNetworking/NSURLSession
  - MKBaseMQTTModule (0.0.4):
    - MKBaseMQTTModule/MQTT (= 0.0.4)
    - MKBaseMQTTModule/MQTTClient (= 0.0.4)
    - MKBaseMQTTModule/NetworkManager (= 0.0.4)
  - MKBaseMQTTModule/MQTT (0.0.4):
    - MKBaseMQTTModule/MQTTClient
  - MKBaseMQTTModule/MQTTClient (0.0.4)
  - MKBaseMQTTModule/NetworkManager (0.0.4):
    - AFNetworking

DEPENDENCIES:
  - MKBaseMQTTModule (from `../`)

SPEC REPOS:
  https://github.com/CocoaPods/Specs.git:
    - AFNetworking

EXTERNAL SOURCES:
  MKBaseMQTTModule:
    :path: "../"

SPEC CHECKSUMS:
  AFNetworking: 3bd23d814e976cd148d7d44c3ab78017b744cd58
  MKBaseMQTTModule: cad13f8d31cd3439f7774f65329aa1610cb2bd9a

PODFILE CHECKSUM: d12dda0126ef0e5d666533b35df1d2aab9f40ddc

COCOAPODS: 1.12.1
