PODS:
  - MKBaseMQTTModule (0.0.8):
    - MKBaseMQTTModule/MQTT (= 0.0.8)
    - MKBaseMQTTModule/MQTTClient (= 0.0.8)
    - MKBaseMQTTModule/NetworkManager (= 0.0.8)
  - MKBaseMQTTModule/MQTT (0.0.8):
    - MKBaseMQTTModule/MQTTClient
  - MKBaseMQTTModule/MQTTClient (0.0.8)
  - MKBaseMQTTModule/NetworkManager (0.0.8)

DEPENDENCIES:
  - MKBaseMQTTModule (from `../`)

EXTERNAL SOURCES:
  MKBaseMQTTModule:
    :path: "../"

SPEC CHECKSUMS:
  MKBaseMQTTModule: 87e58a22f060d43f80535f36ee3203788fe11fbb

PODFILE CHECKSUM: d12dda0126ef0e5d666533b35df1d2aab9f40ddc

COCOAPODS: 1.16.1
